
Microsoft Visual Studio Solution File, Format Version 12.00
# Visual Studio Version 17
VisualStudioVersion = 17.3.32901.215
MinimumVisualStudioVersion = 10.0.40219.1
Project("{FAE04EC0-301F-11D3-BF4B-00C04F79EFBC}") = "BigDataApp", "BigDataApp\BigDataApp.csproj", "{B3D87028-1F19-48A3-8393-F471A3418E9A}"
EndProject
Global
	GlobalSection(SolutionConfigurationPlatforms) = preSolution
		Debug|Any CPU = Debug|Any CPU
		Release|Any CPU = Release|Any CPU
	EndGlobalSection
	GlobalSection(ProjectConfigurationPlatforms) = postSolution
		{B3D87028-1F19-48A3-8393-F471A3418E9A}.Debug|Any CPU.ActiveCfg = Debug|Any CPU
		{B3D87028-1F19-48A3-8393-F471A3418E9A}.Debug|Any CPU.Build.0 = Debug|Any CPU
		{B3D87028-1F19-48A3-8393-F471A3418E9A}.Release|Any CPU.ActiveCfg = Release|Any CPU
		{B3D87028-1F19-48A3-8393-F471A3418E9A}.Release|Any CPU.Build.0 = Release|Any CPU
	EndGlobalSection
	GlobalSection(SolutionProperties) = preSolution
		HideSolutionNode = FALSE
	EndGlobalSection
	GlobalSection(ExtensibilityGlobals) = postSolution
		SolutionGuid = {E12FB111-A5BE-4B42-B292-E8EB07C7B3C2}
	EndGlobalSection
EndGlobal
