
Microsoft Visual Studio Solution File, Format Version 12.00
# Visual Studio Version 17
VisualStudioVersion = 17.3.32825.248
MinimumVisualStudioVersion = 10.0.40219.1
Project("{9A19103F-16F7-4668-BE54-9A1E7A4F7556}") = "LinqTasks", "LinqTasks\LinqTasks.csproj", "{52BE0B7B-D464-4153-957A-4D43C44BCCB1}"
EndProject
Project("{FAE04EC0-301F-11D3-BF4B-00C04F79EFBC}") = "LinqTasksTests", "LinqTasksTests\LinqTasksTests.csproj", "{C275695E-B70F-43A6-ADE3-485634506B5E}"
EndProject
Global
	GlobalSection(SolutionConfigurationPlatforms) = preSolution
		Debug|Any CPU = Debug|Any CPU
		Release|Any CPU = Release|Any CPU
	EndGlobalSection
	GlobalSection(ProjectConfigurationPlatforms) = postSolution
		{52BE0B7B-D464-4153-957A-4D43C44BCCB1}.Debug|Any CPU.ActiveCfg = Debug|Any CPU
		{52BE0B7B-D464-4153-957A-4D43C44BCCB1}.Debug|Any CPU.Build.0 = Debug|Any CPU
		{52BE0B7B-D464-4153-957A-4D43C44BCCB1}.Release|Any CPU.ActiveCfg = Release|Any CPU
		{52BE0B7B-D464-4153-957A-4D43C44BCCB1}.Release|Any CPU.Build.0 = Release|Any CPU
		{C275695E-B70F-43A6-ADE3-485634506B5E}.Debug|Any CPU.ActiveCfg = Debug|Any CPU
		{C275695E-B70F-43A6-ADE3-485634506B5E}.Debug|Any CPU.Build.0 = Debug|Any CPU
		{C275695E-B70F-43A6-ADE3-485634506B5E}.Release|Any CPU.ActiveCfg = Release|Any CPU
		{C275695E-B70F-43A6-ADE3-485634506B5E}.Release|Any CPU.Build.0 = Release|Any CPU
	EndGlobalSection
	GlobalSection(SolutionProperties) = preSolution
		HideSolutionNode = FALSE
	EndGlobalSection
	GlobalSection(ExtensibilityGlobals) = postSolution
		SolutionGuid = {BDE238D1-A613-4AC7-AFEE-CDE577C53EB0}
	EndGlobalSection
EndGlobal
